Microsoft Visual Studio Solution File, Format Version 12.00
# Visual Studio 15
VisualStudioVersion = 15.0.26730.3
MinimumVisualStudioVersion = 10.0.40219.1
Project("{9A19103F-16F7-4668-BE54-9A1E7A4F7556}") = "DllImportX", "DllImportX\DllImportX.csproj", "{5C4A8DF0-6393-40FC-A850-78F63BFC0759}"
EndProject
Project("{FAE04EC0-301F-11D3-BF4B-00C04F79EFBC}") = "DllImportX.Tests.Samples", "DllImportX.Tests.Samples\DllImportX.Tests.Samples.csproj", "{FB5C5D73-D7D6-428A-9480-E35750898D4E}"
EndProject
Project("{FAE04EC0-301F-11D3-BF4B-00C04F79EFBC}") = "DllImportX.Tests", "DllImportX.Tests\DllImportX.Tests.csproj", "{0304484D-CF40-4DE9-A2A4-EDE60AB5EB74}"
	ProjectSection(ProjectDependencies) = postProject
		{FB5C5D73-D7D6-428A-9480-E35750898D4E} = {FB5C5D73-D7D6-428A-9480-E35750898D4E}
	EndProjectSection
EndProject
Global
	GlobalSection(SolutionConfigurationPlatforms) = preSolution
		Debug|Any CPU = Debug|Any CPU
		Release|Any CPU = Release|Any CPU
	EndGlobalSection
	GlobalSection(ProjectConfigurationPlatforms) = postSolution
		{5C4A8DF0-6393-40FC-A850-78F63BFC0759}.Debug|Any CPU.ActiveCfg = Debug|Any CPU
		{5C4A8DF0-6393-40FC-A850-78F63BFC0759}.Debug|Any CPU.Build.0 = Debug|Any CPU
		{5C4A8DF0-6393-40FC-A850-78F63BFC0759}.Release|Any CPU.ActiveCfg = Release|Any CPU
		{5C4A8DF0-6393-40FC-A850-78F63BFC0759}.Release|Any CPU.Build.0 = Release|Any CPU
		{FB5C5D73-D7D6-428A-9480-E35750898D4E}.Debug|Any CPU.ActiveCfg = Debug|Any CPU
		{FB5C5D73-D7D6-428A-9480-E35750898D4E}.Debug|Any CPU.Build.0 = Debug|Any CPU
		{FB5C5D73-D7D6-428A-9480-E35750898D4E}.Release|Any CPU.ActiveCfg = Release|Any CPU
		{FB5C5D73-D7D6-428A-9480-E35750898D4E}.Release|Any CPU.Build.0 = Release|Any CPU
		{0304484D-CF40-4DE9-A2A4-EDE60AB5EB74}.Debug|Any CPU.ActiveCfg = Debug|Any CPU
		{0304484D-CF40-4DE9-A2A4-EDE60AB5EB74}.Debug|Any CPU.Build.0 = Debug|Any CPU
		{0304484D-CF40-4DE9-A2A4-EDE60AB5EB74}.Release|Any CPU.ActiveCfg = Release|Any CPU
		{0304484D-CF40-4DE9-A2A4-EDE60AB5EB74}.Release|Any CPU.Build.0 = Release|Any CPU
	EndGlobalSection
	GlobalSection(SolutionProperties) = preSolution
		HideSolutionNode = FALSE
	EndGlobalSection
	GlobalSection(ExtensibilityGlobals) = postSolution
		SolutionGuid = {21DFD799-8E55-466F-8203-1DEE92F55B10}
	EndGlobalSection
EndGlobal
