
Microsoft Visual Studio Solution File, Format Version 12.00
# Visual Studio 15
VisualStudioVersion = 15.0.26124.0
MinimumVisualStudioVersion = 15.0.26124.0
Project("{FAE04EC0-301F-11D3-BF4B-00C04F79EFBC}") = "DllImportX", "DllImportX\DllImportX.csproj", "{1B5D4BF6-70F2-491D-B6DA-305D2DA6C15B}"
EndProject
Project("{FAE04EC0-301F-11D3-BF4B-00C04F79EFBC}") = "DllImportX.Sample", "DllImportX.Sample\DllImportX.Sample.csproj", "{AE9B40E3-FF2D-4560-88D2-7D941D347A08}"
EndProject
Project("{FAE04EC0-301F-11D3-BF4B-00C04F79EFBC}") = "DllImportX.Tests", "DllImportX.Tests\DllImportX.Tests.csproj", "{59467B26-C4E0-4B07-AE54-0CF7380C3DA7}"
EndProject
Global
	GlobalSection(SolutionConfigurationPlatforms) = preSolution
		Debug|Any CPU = Debug|Any CPU
		Debug|x64 = Debug|x64
		Debug|x86 = Debug|x86
		Release|Any CPU = Release|Any CPU
		Release|x64 = Release|x64
		Release|x86 = Release|x86
	EndGlobalSection
	GlobalSection(SolutionProperties) = preSolution
		HideSolutionNode = FALSE
	EndGlobalSection
	GlobalSection(ProjectConfigurationPlatforms) = postSolution
		{1B5D4BF6-70F2-491D-B6DA-305D2DA6C15B}.Debug|Any CPU.ActiveCfg = Debug|Any CPU
		{1B5D4BF6-70F2-491D-B6DA-305D2DA6C15B}.Debug|Any CPU.Build.0 = Debug|Any CPU
		{1B5D4BF6-70F2-491D-B6DA-305D2DA6C15B}.Debug|x64.ActiveCfg = Debug|Any CPU
		{1B5D4BF6-70F2-491D-B6DA-305D2DA6C15B}.Debug|x64.Build.0 = Debug|Any CPU
		{1B5D4BF6-70F2-491D-B6DA-305D2DA6C15B}.Debug|x86.ActiveCfg = Debug|Any CPU
		{1B5D4BF6-70F2-491D-B6DA-305D2DA6C15B}.Debug|x86.Build.0 = Debug|Any CPU
		{1B5D4BF6-70F2-491D-B6DA-305D2DA6C15B}.Release|Any CPU.ActiveCfg = Release|Any CPU
		{1B5D4BF6-70F2-491D-B6DA-305D2DA6C15B}.Release|Any CPU.Build.0 = Release|Any CPU
		{1B5D4BF6-70F2-491D-B6DA-305D2DA6C15B}.Release|x64.ActiveCfg = Release|Any CPU
		{1B5D4BF6-70F2-491D-B6DA-305D2DA6C15B}.Release|x64.Build.0 = Release|Any CPU
		{1B5D4BF6-70F2-491D-B6DA-305D2DA6C15B}.Release|x86.ActiveCfg = Release|Any CPU
		{1B5D4BF6-70F2-491D-B6DA-305D2DA6C15B}.Release|x86.Build.0 = Release|Any CPU
		{AE9B40E3-FF2D-4560-88D2-7D941D347A08}.Debug|Any CPU.ActiveCfg = Debug|Any CPU
		{AE9B40E3-FF2D-4560-88D2-7D941D347A08}.Debug|Any CPU.Build.0 = Debug|Any CPU
		{AE9B40E3-FF2D-4560-88D2-7D941D347A08}.Debug|x64.ActiveCfg = Debug|Any CPU
		{AE9B40E3-FF2D-4560-88D2-7D941D347A08}.Debug|x64.Build.0 = Debug|Any CPU
		{AE9B40E3-FF2D-4560-88D2-7D941D347A08}.Debug|x86.ActiveCfg = Debug|Any CPU
		{AE9B40E3-FF2D-4560-88D2-7D941D347A08}.Debug|x86.Build.0 = Debug|Any CPU
		{AE9B40E3-FF2D-4560-88D2-7D941D347A08}.Release|Any CPU.ActiveCfg = Release|Any CPU
		{AE9B40E3-FF2D-4560-88D2-7D941D347A08}.Release|Any CPU.Build.0 = Release|Any CPU
		{AE9B40E3-FF2D-4560-88D2-7D941D347A08}.Release|x64.ActiveCfg = Release|Any CPU
		{AE9B40E3-FF2D-4560-88D2-7D941D347A08}.Release|x64.Build.0 = Release|Any CPU
		{AE9B40E3-FF2D-4560-88D2-7D941D347A08}.Release|x86.ActiveCfg = Release|Any CPU
		{AE9B40E3-FF2D-4560-88D2-7D941D347A08}.Release|x86.Build.0 = Release|Any CPU
		{59467B26-C4E0-4B07-AE54-0CF7380C3DA7}.Debug|Any CPU.ActiveCfg = Debug|Any CPU
		{59467B26-C4E0-4B07-AE54-0CF7380C3DA7}.Debug|Any CPU.Build.0 = Debug|Any CPU
		{59467B26-C4E0-4B07-AE54-0CF7380C3DA7}.Debug|x64.ActiveCfg = Debug|Any CPU
		{59467B26-C4E0-4B07-AE54-0CF7380C3DA7}.Debug|x64.Build.0 = Debug|Any CPU
		{59467B26-C4E0-4B07-AE54-0CF7380C3DA7}.Debug|x86.ActiveCfg = Debug|Any CPU
		{59467B26-C4E0-4B07-AE54-0CF7380C3DA7}.Debug|x86.Build.0 = Debug|Any CPU
		{59467B26-C4E0-4B07-AE54-0CF7380C3DA7}.Release|Any CPU.ActiveCfg = Release|Any CPU
		{59467B26-C4E0-4B07-AE54-0CF7380C3DA7}.Release|Any CPU.Build.0 = Release|Any CPU
		{59467B26-C4E0-4B07-AE54-0CF7380C3DA7}.Release|x64.ActiveCfg = Release|Any CPU
		{59467B26-C4E0-4B07-AE54-0CF7380C3DA7}.Release|x64.Build.0 = Release|Any CPU
		{59467B26-C4E0-4B07-AE54-0CF7380C3DA7}.Release|x86.ActiveCfg = Release|Any CPU
		{59467B26-C4E0-4B07-AE54-0CF7380C3DA7}.Release|x86.Build.0 = Release|Any CPU
	EndGlobalSection
EndGlobal
